
Microsoft Visual Studio Solution File, Format Version 12.00
# Visual Studio Version 17
VisualStudioVersion = 17.2.32630.192
MinimumVisualStudioVersion = 10.0.40219.1
Project("{FAE04EC0-301F-11D3-BF4B-00C04F79EFBC}") = "QuickInvoiceAPI", "QuickInvoiceAPI\QuickInvoiceAPI.csproj", "{FDB5E82F-C4A0-48C0-B2AF-3EBFAAB89B01}"
EndProject
Global
	GlobalSection(SolutionConfigurationPlatforms) = preSolution
		Debug|Any CPU = Debug|Any CPU
		Release|Any CPU = Release|Any CPU
	EndGlobalSection
	GlobalSection(ProjectConfigurationPlatforms) = postSolution
		{FDB5E82F-C4A0-48C0-B2AF-3EBFAAB89B01}.Debug|Any CPU.ActiveCfg = Debug|Any CPU
		{FDB5E82F-C4A0-48C0-B2AF-3EBFAAB89B01}.Debug|Any CPU.Build.0 = Debug|Any CPU
		{FDB5E82F-C4A0-48C0-B2AF-3EBFAAB89B01}.Release|Any CPU.ActiveCfg = Release|Any CPU
		{FDB5E82F-C4A0-48C0-B2AF-3EBFAAB89B01}.Release|Any CPU.Build.0 = Release|Any CPU
	EndGlobalSection
	GlobalSection(SolutionProperties) = preSolution
		HideSolutionNode = FALSE
	EndGlobalSection
	GlobalSection(ExtensibilityGlobals) = postSolution
		SolutionGuid = {2F47B80E-3DC9-45F0-8147-52CC58EC5506}
	EndGlobalSection
EndGlobal
